
Microsoft Visual Studio Solution File, Format Version 12.00
# Visual Studio Version 17
VisualStudioVersion = 17.9.34607.119
MinimumVisualStudioVersion = 10.0.40219.1
Project("{9A19103F-16F7-4668-BE54-9A1E7A4F7556}") = "helloworld", "helloworld\helloworld.csproj", "{2AAC4B8C-FF89-4785-9323-F7D3DC8D2CF0}"
EndProject
Project("{FAE04EC0-301F-11D3-BF4B-00C04F79EFBC}") = "unit test", "unit test\unit test.csproj", "{3C17112C-66F8-4603-AF83-3BB0C9A6E774}"
EndProject
Global
	GlobalSection(SolutionConfigurationPlatforms) = preSolution
		Debug|Any CPU = Debug|Any CPU
		Release|Any CPU = Release|Any CPU
	EndGlobalSection
	GlobalSection(ProjectConfigurationPlatforms) = postSolution
		{2AAC4B8C-FF89-4785-9323-F7D3DC8D2CF0}.Debug|Any CPU.ActiveCfg = Debug|Any CPU
		{2AAC4B8C-FF89-4785-9323-F7D3DC8D2CF0}.Debug|Any CPU.Build.0 = Debug|Any CPU
		{2AAC4B8C-FF89-4785-9323-F7D3DC8D2CF0}.Release|Any CPU.ActiveCfg = Release|Any CPU
		{2AAC4B8C-FF89-4785-9323-F7D3DC8D2CF0}.Release|Any CPU.Build.0 = Release|Any CPU
		{3C17112C-66F8-4603-AF83-3BB0C9A6E774}.Debug|Any CPU.ActiveCfg = Debug|Any CPU
		{3C17112C-66F8-4603-AF83-3BB0C9A6E774}.Debug|Any CPU.Build.0 = Debug|Any CPU
		{3C17112C-66F8-4603-AF83-3BB0C9A6E774}.Release|Any CPU.ActiveCfg = Release|Any CPU
		{3C17112C-66F8-4603-AF83-3BB0C9A6E774}.Release|Any CPU.Build.0 = Release|Any CPU
	EndGlobalSection
	GlobalSection(SolutionProperties) = preSolution
		HideSolutionNode = FALSE
	EndGlobalSection
	GlobalSection(ExtensibilityGlobals) = postSolution
		SolutionGuid = {44A76BF8-4F9E-4124-BD05-9FF36B0B115B}
	EndGlobalSection
EndGlobal
